
Microsoft Visual Studio Solution File, Format Version 12.00
# Visual Studio Version 16
VisualStudioVersion = 16.0.29709.97
MinimumVisualStudioVersion = 10.0.40219.1
Project("{9A19103F-16F7-4668-BE54-9A1E7A4F7556}") = "Se7enCl", "Se7enCl\Se7enCl.csproj", "{89BB2A10-AC63-49AB-AF25-27E0754FF78B}"
EndProject
Project("{FAE04EC0-301F-11D3-BF4B-00C04F79EFBC}") = "Se7en.OpenCl.Test", "Se7en.OpenCl.Test\Se7en.OpenCl.Test.csproj", "{3EEA3E33-51BE-4E64-9C89-388E06D34ADC}"
EndProject
Global
	GlobalSection(SolutionConfigurationPlatforms) = preSolution
		Debug|Any CPU = Debug|Any CPU
		Debug|x64 = Debug|x64
		Linux|Any CPU = Linux|Any CPU
		Linux|x64 = Linux|x64
		Linux-Debug|Any CPU = Linux-Debug|Any CPU
		Linux-Debug|x64 = Linux-Debug|x64
		Linux-Obfuscate|Any CPU = Linux-Obfuscate|Any CPU
		Linux-Obfuscate|x64 = Linux-Obfuscate|x64
		Release|Any CPU = Release|Any CPU
		Release|x64 = Release|x64
		Windows|Any CPU = Windows|Any CPU
		Windows|x64 = Windows|x64
		Windows-Debug|Any CPU = Windows-Debug|Any CPU
		Windows-Debug|x64 = Windows-Debug|x64
		Windows-Obfuscate|Any CPU = Windows-Obfuscate|Any CPU
		Windows-Obfuscate|x64 = Windows-Obfuscate|x64
	EndGlobalSection
	GlobalSection(ProjectConfigurationPlatforms) = postSolution
		{89BB2A10-AC63-49AB-AF25-27E0754FF78B}.Debug|Any CPU.ActiveCfg = Debug|x64
		{89BB2A10-AC63-49AB-AF25-27E0754FF78B}.Debug|x64.ActiveCfg = Debug|x64
		{89BB2A10-AC63-49AB-AF25-27E0754FF78B}.Debug|x64.Build.0 = Debug|x64
		{89BB2A10-AC63-49AB-AF25-27E0754FF78B}.Linux|Any CPU.ActiveCfg = Linux|x64
		{89BB2A10-AC63-49AB-AF25-27E0754FF78B}.Linux|x64.ActiveCfg = Linux|x64
		{89BB2A10-AC63-49AB-AF25-27E0754FF78B}.Linux|x64.Build.0 = Linux|x64
		{89BB2A10-AC63-49AB-AF25-27E0754FF78B}.Linux-Debug|Any CPU.ActiveCfg = Linux-Debug|x64
		{89BB2A10-AC63-49AB-AF25-27E0754FF78B}.Linux-Debug|x64.ActiveCfg = Linux-Debug|x64
		{89BB2A10-AC63-49AB-AF25-27E0754FF78B}.Linux-Debug|x64.Build.0 = Linux-Debug|x64
		{89BB2A10-AC63-49AB-AF25-27E0754FF78B}.Linux-Obfuscate|Any CPU.ActiveCfg = Linux-Obfuscate|x64
		{89BB2A10-AC63-49AB-AF25-27E0754FF78B}.Linux-Obfuscate|x64.ActiveCfg = Linux-Obfuscate|x64
		{89BB2A10-AC63-49AB-AF25-27E0754FF78B}.Linux-Obfuscate|x64.Build.0 = Linux-Obfuscate|x64
		{89BB2A10-AC63-49AB-AF25-27E0754FF78B}.Release|Any CPU.ActiveCfg = Debug|x64
		{89BB2A10-AC63-49AB-AF25-27E0754FF78B}.Release|Any CPU.Build.0 = Debug|x64
		{89BB2A10-AC63-49AB-AF25-27E0754FF78B}.Release|x64.ActiveCfg = Debug|x64
		{89BB2A10-AC63-49AB-AF25-27E0754FF78B}.Release|x64.Build.0 = Debug|x64
		{89BB2A10-AC63-49AB-AF25-27E0754FF78B}.Windows|Any CPU.ActiveCfg = Windows|x64
		{89BB2A10-AC63-49AB-AF25-27E0754FF78B}.Windows|x64.ActiveCfg = Windows|x64
		{89BB2A10-AC63-49AB-AF25-27E0754FF78B}.Windows|x64.Build.0 = Windows|x64
		{89BB2A10-AC63-49AB-AF25-27E0754FF78B}.Windows-Debug|Any CPU.ActiveCfg = Windows-Debug|x64
		{89BB2A10-AC63-49AB-AF25-27E0754FF78B}.Windows-Debug|x64.ActiveCfg = Windows-Debug|x64
		{89BB2A10-AC63-49AB-AF25-27E0754FF78B}.Windows-Debug|x64.Build.0 = Windows-Debug|x64
		{89BB2A10-AC63-49AB-AF25-27E0754FF78B}.Windows-Obfuscate|Any CPU.ActiveCfg = Windows-Obfuscate|x64
		{89BB2A10-AC63-49AB-AF25-27E0754FF78B}.Windows-Obfuscate|x64.ActiveCfg = Windows-Obfuscate|x64
		{89BB2A10-AC63-49AB-AF25-27E0754FF78B}.Windows-Obfuscate|x64.Build.0 = Windows-Obfuscate|x64
		{3EEA3E33-51BE-4E64-9C89-388E06D34ADC}.Debug|Any CPU.ActiveCfg = Debug|Any CPU
		{3EEA3E33-51BE-4E64-9C89-388E06D34ADC}.Debug|Any CPU.Build.0 = Debug|Any CPU
		{3EEA3E33-51BE-4E64-9C89-388E06D34ADC}.Debug|x64.ActiveCfg = Debug|Any CPU
		{3EEA3E33-51BE-4E64-9C89-388E06D34ADC}.Debug|x64.Build.0 = Debug|Any CPU
		{3EEA3E33-51BE-4E64-9C89-388E06D34ADC}.Linux|Any CPU.ActiveCfg = Debug|Any CPU
		{3EEA3E33-51BE-4E64-9C89-388E06D34ADC}.Linux|Any CPU.Build.0 = Debug|Any CPU
		{3EEA3E33-51BE-4E64-9C89-388E06D34ADC}.Linux|x64.ActiveCfg = Debug|Any CPU
		{3EEA3E33-51BE-4E64-9C89-388E06D34ADC}.Linux|x64.Build.0 = Debug|Any CPU
		{3EEA3E33-51BE-4E64-9C89-388E06D34ADC}.Linux-Debug|Any CPU.ActiveCfg = Debug|Any CPU
		{3EEA3E33-51BE-4E64-9C89-388E06D34ADC}.Linux-Debug|Any CPU.Build.0 = Debug|Any CPU
		{3EEA3E33-51BE-4E64-9C89-388E06D34ADC}.Linux-Debug|x64.ActiveCfg = Debug|Any CPU
		{3EEA3E33-51BE-4E64-9C89-388E06D34ADC}.Linux-Debug|x64.Build.0 = Debug|Any CPU
		{3EEA3E33-51BE-4E64-9C89-388E06D34ADC}.Linux-Obfuscate|Any CPU.ActiveCfg = Debug|Any CPU
		{3EEA3E33-51BE-4E64-9C89-388E06D34ADC}.Linux-Obfuscate|Any CPU.Build.0 = Debug|Any CPU
		{3EEA3E33-51BE-4E64-9C89-388E06D34ADC}.Linux-Obfuscate|x64.ActiveCfg = Debug|Any CPU
		{3EEA3E33-51BE-4E64-9C89-388E06D34ADC}.Linux-Obfuscate|x64.Build.0 = Debug|Any CPU
		{3EEA3E33-51BE-4E64-9C89-388E06D34ADC}.Release|Any CPU.ActiveCfg = Release|Any CPU
		{3EEA3E33-51BE-4E64-9C89-388E06D34ADC}.Release|Any CPU.Build.0 = Release|Any CPU
		{3EEA3E33-51BE-4E64-9C89-388E06D34ADC}.Release|x64.ActiveCfg = Release|Any CPU
		{3EEA3E33-51BE-4E64-9C89-388E06D34ADC}.Release|x64.Build.0 = Release|Any CPU
		{3EEA3E33-51BE-4E64-9C89-388E06D34ADC}.Windows|Any CPU.ActiveCfg = Debug|Any CPU
		{3EEA3E33-51BE-4E64-9C89-388E06D34ADC}.Windows|Any CPU.Build.0 = Debug|Any CPU
		{3EEA3E33-51BE-4E64-9C89-388E06D34ADC}.Windows|x64.ActiveCfg = Debug|Any CPU
		{3EEA3E33-51BE-4E64-9C89-388E06D34ADC}.Windows|x64.Build.0 = Debug|Any CPU
		{3EEA3E33-51BE-4E64-9C89-388E06D34ADC}.Windows-Debug|Any CPU.ActiveCfg = Debug|Any CPU
		{3EEA3E33-51BE-4E64-9C89-388E06D34ADC}.Windows-Debug|Any CPU.Build.0 = Debug|Any CPU
		{3EEA3E33-51BE-4E64-9C89-388E06D34ADC}.Windows-Debug|x64.ActiveCfg = Debug|Any CPU
		{3EEA3E33-51BE-4E64-9C89-388E06D34ADC}.Windows-Debug|x64.Build.0 = Debug|Any CPU
		{3EEA3E33-51BE-4E64-9C89-388E06D34ADC}.Windows-Obfuscate|Any CPU.ActiveCfg = Debug|Any CPU
		{3EEA3E33-51BE-4E64-9C89-388E06D34ADC}.Windows-Obfuscate|Any CPU.Build.0 = Debug|Any CPU
		{3EEA3E33-51BE-4E64-9C89-388E06D34ADC}.Windows-Obfuscate|x64.ActiveCfg = Debug|Any CPU
		{3EEA3E33-51BE-4E64-9C89-388E06D34ADC}.Windows-Obfuscate|x64.Build.0 = Debug|Any CPU
	EndGlobalSection
	GlobalSection(SolutionProperties) = preSolution
		HideSolutionNode = FALSE
	EndGlobalSection
	GlobalSection(ExtensibilityGlobals) = postSolution
		SolutionGuid = {3A1799FF-2C3D-4283-95E0-D12F09F3DFD2}
	EndGlobalSection
EndGlobal
